
Microsoft Visual Studio Solution File, Format Version 12.00
# Visual Studio Version 16
VisualStudioVersion = 25.0.1706.4
MinimumVisualStudioVersion = 10.0.40219.1
Project("{FAE04EC0-301F-11D3-BF4B-00C04F79EFBC}") = "AndroidCrash", "AndroidCrash\AndroidCrash.csproj", "{DB3D8BEE-2E73-47F7-9621-8941A52A36BA}"
EndProject
Global
	GlobalSection(SolutionConfigurationPlatforms) = preSolution
		Debug|Any CPU = Debug|Any CPU
		Release|Any CPU = Release|Any CPU
	EndGlobalSection
	GlobalSection(ProjectConfigurationPlatforms) = postSolution
		{DB3D8BEE-2E73-47F7-9621-8941A52A36BA}.Debug|Any CPU.ActiveCfg = Debug|Any CPU
		{DB3D8BEE-2E73-47F7-9621-8941A52A36BA}.Debug|Any CPU.Build.0 = Debug|Any CPU
		{DB3D8BEE-2E73-47F7-9621-8941A52A36BA}.Release|Any CPU.ActiveCfg = Release|Any CPU
		{DB3D8BEE-2E73-47F7-9621-8941A52A36BA}.Release|Any CPU.Build.0 = Release|Any CPU
	EndGlobalSection
	GlobalSection(SolutionProperties) = preSolution
		HideSolutionNode = FALSE
	EndGlobalSection
	GlobalSection(ExtensibilityGlobals) = postSolution
		SolutionGuid = {D98D54AA-C607-4328-9B14-1663A3FC1E05}
	EndGlobalSection
EndGlobal
